
Microsoft Visual Studio Solution File, Format Version 12.00
# Visual Studio Version 17
VisualStudioVersion = 17.9.34728.123
MinimumVisualStudioVersion = 10.0.40219.1
Project("{FAE04EC0-301F-11D3-BF4B-00C04F79EFBC}") = "PJ24-010_ Auto_Focus_CCD", "PJ24-010_ Auto_Focus_CCD.csproj", "{16803ECF-0EEE-4622-A3E8-88C5CEFF896E}"
EndProject
Global
	GlobalSection(SolutionConfigurationPlatforms) = preSolution
		Debug|Any CPU = Debug|Any CPU
		Release|Any CPU = Release|Any CPU
	EndGlobalSection
	GlobalSection(ProjectConfigurationPlatforms) = postSolution
		{16803ECF-0EEE-4622-A3E8-88C5CEFF896E}.Debug|Any CPU.ActiveCfg = Debug|Any CPU
		{16803ECF-0EEE-4622-A3E8-88C5CEFF896E}.Debug|Any CPU.Build.0 = Debug|Any CPU
		{16803ECF-0EEE-4622-A3E8-88C5CEFF896E}.Release|Any CPU.ActiveCfg = Release|Any CPU
		{16803ECF-0EEE-4622-A3E8-88C5CEFF896E}.Release|Any CPU.Build.0 = Release|Any CPU
	EndGlobalSection
	GlobalSection(SolutionProperties) = preSolution
		HideSolutionNode = FALSE
	EndGlobalSection
	GlobalSection(ExtensibilityGlobals) = postSolution
		SolutionGuid = {C5834FFF-9D4A-40BA-9256-2A3CBA6D602F}
	EndGlobalSection
EndGlobal
